
Microsoft Visual Studio Solution File, Format Version 12.00
# Visual Studio Version 17
VisualStudioVersion = 17.0.31903.59
MinimumVisualStudioVersion = 10.0.40219.1
Project("{2150E333-8FDC-42A3-9474-1A3956D46DE8}") = "src", "src", "{B30B0A55-F0F1-4DA3-8E11-6BC9BAF8D3B3}"
EndProject
Project("{FAE04EC0-301F-11D3-BF4B-00C04F79EFBC}") = "LibraryCheckout.Web", "src\LibraryCheckout.Web\LibraryCheckout.Web.csproj", "{180A65E5-7B28-4585-A054-52D9A0541F65}"
EndProject
Project("{2150E333-8FDC-42A3-9474-1A3956D46DE8}") = "tests", "tests", "{16883390-31DA-45D3-A83F-B51FF3299C1E}"
EndProject
Project("{FAE04EC0-301F-11D3-BF4B-00C04F79EFBC}") = "LibraryCheckout.Tests", "tests\LibraryCheckout.Tests\LibraryCheckout.Tests.csproj", "{BA6060E6-0C6D-4CE8-AA70-916711997285}"
EndProject
Global
	GlobalSection(SolutionConfigurationPlatforms) = preSolution
		Debug|Any CPU = Debug|Any CPU
		Release|Any CPU = Release|Any CPU
	EndGlobalSection
	GlobalSection(SolutionProperties) = preSolution
		HideSolutionNode = FALSE
	EndGlobalSection
	GlobalSection(ProjectConfigurationPlatforms) = postSolution
		{180A65E5-7B28-4585-A054-52D9A0541F65}.Debug|Any CPU.ActiveCfg = Debug|Any CPU
		{180A65E5-7B28-4585-A054-52D9A0541F65}.Debug|Any CPU.Build.0 = Debug|Any CPU
		{180A65E5-7B28-4585-A054-52D9A0541F65}.Release|Any CPU.ActiveCfg = Release|Any CPU
		{180A65E5-7B28-4585-A054-52D9A0541F65}.Release|Any CPU.Build.0 = Release|Any CPU
		{BA6060E6-0C6D-4CE8-AA70-916711997285}.Debug|Any CPU.ActiveCfg = Debug|Any CPU
		{BA6060E6-0C6D-4CE8-AA70-916711997285}.Debug|Any CPU.Build.0 = Debug|Any CPU
		{BA6060E6-0C6D-4CE8-AA70-916711997285}.Release|Any CPU.ActiveCfg = Release|Any CPU
		{BA6060E6-0C6D-4CE8-AA70-916711997285}.Release|Any CPU.Build.0 = Release|Any CPU
	EndGlobalSection
	GlobalSection(NestedProjects) = preSolution
		{180A65E5-7B28-4585-A054-52D9A0541F65} = {B30B0A55-F0F1-4DA3-8E11-6BC9BAF8D3B3}
		{BA6060E6-0C6D-4CE8-AA70-916711997285} = {16883390-31DA-45D3-A83F-B51FF3299C1E}
	EndGlobalSection
EndGlobal
